// !$*UTF8*$!
{
	archiveVersion = 1;
	classes = {
	};
	objectVersion = 55;
	objects = {

/* Begin PBXBuildFile section */
		0CB8C7ADEC6E4BDACE1A3EB9 /* Pods_flixTests.framework in Frameworks */ = {isa = PBXBuildFile; fileRef = 62C22779D13DE388FD8622CE /* Pods_flixTests.framework */; };
		5F21910032848E1702D7C76E /* Pods_flix.framework in Frameworks */ = {isa = PBXBuildFile; fileRef = BFEA8CCE56293FCADCA31948 /* Pods_flix.framework */; };
		C6D039CE28CC49BA003593F1 /* AppDelegate.swift in Sources */ = {isa = PBXBuildFile; fileRef = C6D039CD28CC49BA003593F1 /* AppDelegate.swift */; };
		C6D039D028CC49BA003593F1 /* SceneDelegate.swift in Sources */ = {isa = PBXBuildFile; fileRef = C6D039CF28CC49BA003593F1 /* SceneDelegate.swift */; };
		C6D039D228CC49BA003593F1 /* ViewController.swift in Sources */ = {isa = PBXBuildFile; fileRef = C6D039D128CC49BA003593F1 /* ViewController.swift */; };
		C6D039D528CC49BA003593F1 /* Main.storyboard in Resources */ = {isa = PBXBuildFile; fileRef = C6D039D328CC49BA003593F1 /* Main.storyboard */; };
		C6D039D728CC49C1003593F1 /* Assets.xcassets in Resources */ = {isa = PBXBuildFile; fileRef = C6D039D628CC49C1003593F1 /* Assets.xcassets */; };
		C6D039DA28CC49C1003593F1 /* LaunchScreen.storyboard in Resources */ = {isa = PBXBuildFile; fileRef = C6D039D828CC49C1003593F1 /* LaunchScreen.storyboard */; };
		C6D039E528CC49C2003593F1 /* flixTests.swift in Sources */ = {isa = PBXBuildFile; fileRef = C6D039E428CC49C2003593F1 /* flixTests.swift */; };
		C6D039EF28CC49C2003593F1 /* flixUITests.swift in Sources */ = {isa = PBXBuildFile; fileRef = C6D039EE28CC49C2003593F1 /* flixUITests.swift */; };
		C6D039F128CC49C2003593F1 /* flixUITestsLaunchTests.swift in Sources */ = {isa = PBXBuildFile; fileRef = C6D039F028CC49C2003593F1 /* flixUITestsLaunchTests.swift */; };
		C6D039FE28CC4B64003593F1 /* MoviesViewController.swift in Sources */ = {isa = PBXBuildFile; fileRef = C6D039FD28CC4B64003593F1 /* MoviesViewController.swift */; };
		C6D03A0028CE50F5003593F1 /* MovieCell.swift in Sources */ = {isa = PBXBuildFile; fileRef = C6D039FF28CE50F5003593F1 /* MovieCell.swift */; };
		C6D03A0328CE59DD003593F1 /* AlamofireImage in Frameworks */ = {isa = PBXBuildFile; productRef = C6D03A0228CE59DD003593F1 /* AlamofireImage */; };
		ED7DD9F1AF74A3ADD2640685 /* Pods_flix_flixUITests.framework in Frameworks */ = {isa = PBXBuildFile; fileRef = F03BEC69A8C363FA587B5613 /* Pods_flix_flixUITests.framework */; };
/* End PBXBuildFile section */

/* Begin PBXContainerItemProxy section */
		C6D039E128CC49C2003593F1 /* PBXContainerItemProxy */ = {
			isa = PBXContainerItemProxy;
			containerPortal = C6D039C228CC49B9003593F1 /* Project object */;
			proxyType = 1;
			remoteGlobalIDString = C6D039C928CC49B9003593F1;
			remoteInfo = flix;
		};
		C6D039EB28CC49C2003593F1 /* PBXContainerItemProxy */ = {
			isa = PBXContainerItemProxy;
			containerPortal = C6D039C228CC49B9003593F1 /* Project object */;
			proxyType = 1;
			remoteGlobalIDString = C6D039C928CC49B9003593F1;
			remoteInfo = flix;
		};
/* End PBXContainerItemProxy section */

/* Begin PBXFileReference section */
		0B6B2AE1AB7EEFCBA54D00C3 /* Pods-flix-flixUITests.release.xcconfig */ = {isa = PBXFileReference; includeInIndex = 1; lastKnownFileType = text.xcconfig; name = "Pods-flix-flixUITests.release.xcconfig"; path = "Target Support Files/Pods-flix-flixUITests/Pods-flix-flixUITests.release.xcconfig"; sourceTree = "<group>"; };
		40C161C2FCD9E091C16C1217 /* Pods-flix.release.xcconfig */ = {isa = PBXFileReference; includeInIndex = 1; lastKnownFileType = text.xcconfig; name = "Pods-flix.release.xcconfig"; path = "Target Support Files/Pods-flix/Pods-flix.release.xcconfig"; sourceTree = "<group>"; };
		62C22779D13DE388FD8622CE /* Pods_flixTests.framework */ = {isa = PBXFileReference; explicitFileType = wrapper.framework; includeInIndex = 0; path = Pods_flixTests.framework; sourceTree = BUILT_PRODUCTS_DIR; };
		6B30D5E3B80847D78066A6CA /* Pods-flix.debug.xcconfig */ = {isa = PBXFileReference; includeInIndex = 1; lastKnownFileType = text.xcconfig; name = "Pods-flix.debug.xcconfig"; path = "Target Support Files/Pods-flix/Pods-flix.debug.xcconfig"; sourceTree = "<group>"; };
		6DBB74570E6534C67778FF9E /* Pods-flixTests.release.xcconfig */ = {isa = PBXFileReference; includeInIndex = 1; lastKnownFileType = text.xcconfig; name = "Pods-flixTests.release.xcconfig"; path = "Target Support Files/Pods-flixTests/Pods-flixTests.release.xcconfig"; sourceTree = "<group>"; };
		739D89EB6578CE0AC20A2C25 /* Pods-flixTests.debug.xcconfig */ = {isa = PBXFileReference; includeInIndex = 1; lastKnownFileType = text.xcconfig; name = "Pods-flixTests.debug.xcconfig"; path = "Target Support Files/Pods-flixTests/Pods-flixTests.debug.xcconfig"; sourceTree = "<group>"; };
		9B4F668DA60F9035936241D5 /* Pods-flix-flixUITests.debug.xcconfig */ = {isa = PBXFileReference; includeInIndex = 1; lastKnownFileType = text.xcconfig; name = "Pods-flix-flixUITests.debug.xcconfig"; path = "Target Support Files/Pods-flix-flixUITests/Pods-flix-flixUITests.debug.xcconfig"; sourceTree = "<group>"; };
		BFEA8CCE56293FCADCA31948 /* Pods_flix.framework */ = {isa = PBXFileReference; explicitFileType = wrapper.framework; includeInIndex = 0; path = Pods_flix.framework; sourceTree = BUILT_PRODUCTS_DIR; };
		C6D039CA28CC49BA003593F1 /* flix.app */ = {isa = PBXFileReference; explicitFileType = wrapper.application; includeInIndex = 0; path = flix.app; sourceTree = BUILT_PRODUCTS_DIR; };
		C6D039CD28CC49BA003593F1 /* AppDelegate.swift */ = {isa = PBXFileReference; lastKnownFileType = sourcecode.swift; path = AppDelegate.swift; sourceTree = "<group>"; };
		C6D039CF28CC49BA003593F1 /* SceneDelegate.swift */ = {isa = PBXFileReference; lastKnownFileType = sourcecode.swift; path = SceneDelegate.swift; sourceTree = "<group>"; };
		C6D039D128CC49BA003593F1 /* ViewController.swift */ = {isa = PBXFileReference; lastKnownFileType = sourcecode.swift; path = ViewController.swift; sourceTree = "<group>"; };
		C6D039D428CC49BA003593F1 /* Base */ = {isa = PBXFileReference; lastKnownFileType = file.storyboard; name = Base; path = Base.lproj/Main.storyboard; sourceTree = "<group>"; };
		C6D039D628CC49C1003593F1 /* Assets.xcassets */ = {isa = PBXFileReference; lastKnownFileType = folder.assetcatalog; path = Assets.xcassets; sourceTree = "<group>"; };
		C6D039D928CC49C1003593F1 /* Base */ = {isa = PBXFileReference; lastKnownFileType = file.storyboard; name = Base; path = Base.lproj/LaunchScreen.storyboard; sourceTree = "<group>"; };
		C6D039DB28CC49C1003593F1 /* Info.plist */ = {isa = PBXFileReference; lastKnownFileType = text.plist.xml; path = Info.plist; sourceTree = "<group>"; };
		C6D039E028CC49C2003593F1 /* flixTests.xctest */ = {isa = PBXFileReference; explicitFileType = wrapper.cfbundle; includeInIndex = 0; path = flixTests.xctest; sourceTree = BUILT_PRODUCTS_DIR; };
		C6D039E428CC49C2003593F1 /* flixTests.swift */ = {isa = PBXFileReference; lastKnownFileType = sourcecode.swift; path = flixTests.swift; sourceTree = "<group>"; };
		C6D039EA28CC49C2003593F1 /* flixUITests.xctest */ = {isa = PBXFileReference; explicitFileType = wrapper.cfbundle; includeInIndex = 0; path = flixUITests.xctest; sourceTree = BUILT_PRODUCTS_DIR; };
		C6D039EE28CC49C2003593F1 /* flixUITests.swift */ = {isa = PBXFileReference; lastKnownFileType = sourcecode.swift; path = flixUITests.swift; sourceTree = "<group>"; };
		C6D039F028CC49C2003593F1 /* flixUITestsLaunchTests.swift */ = {isa = PBXFileReference; lastKnownFileType = sourcecode.swift; path = flixUITestsLaunchTests.swift; sourceTree = "<group>"; };
		C6D039FD28CC4B64003593F1 /* MoviesViewController.swift */ = {isa = PBXFileReference; lastKnownFileType = sourcecode.swift; path = MoviesViewController.swift; sourceTree = "<group>"; };
		C6D039FF28CE50F5003593F1 /* MovieCell.swift */ = {isa = PBXFileReference; lastKnownFileType = sourcecode.swift; path = MovieCell.swift; sourceTree = "<group>"; };
		F03BEC69A8C363FA587B5613 /* Pods_flix_flixUITests.framework */ = {isa = PBXFileReference; explicitFileType = wrapper.framework; includeInIndex = 0; path = Pods_flix_flixUITests.framework; sourceTree = BUILT_PRODUCTS_DIR; };
/* End PBXFileReference section */

/* Begin PBXFrameworksBuildPhase section */
		C6D039C728CC49B9003593F1 /* Frameworks */ = {
			isa = PBXFrameworksBuildPhase;
			buildActionMask = 2147483647;
			files = (
				C6D03A0328CE59DD003593F1 /* AlamofireImage in Frameworks */,
				5F21910032848E1702D7C76E /* Pods_flix.framework in Frameworks */,
			);
			runOnlyForDeploymentPostprocessing = 0;
		};
		C6D039DD28CC49C2003593F1 /* Frameworks */ = {
			isa = PBXFrameworksBuildPhase;
			buildActionMask = 2147483647;
			files = (
				0CB8C7ADEC6E4BDACE1A3EB9 /* Pods_flixTests.framework in Frameworks */,
			);
			runOnlyForDeploymentPostprocessing = 0;
		};
		C6D039E728CC49C2003593F1 /* Frameworks */ = {
			isa = PBXFrameworksBuildPhase;
			buildActionMask = 2147483647;
			files = (
				ED7DD9F1AF74A3ADD2640685 /* Pods_flix_flixUITests.framework in Frameworks */,
			);
			runOnlyForDeploymentPostprocessing = 0;
		};
/* End PBXFrameworksBuildPhase section */

/* Begin PBXGroup section */
		55016A09936A313D34021981 /* Frameworks */ = {
			isa = PBXGroup;
			children = (
				BFEA8CCE56293FCADCA31948 /* Pods_flix.framework */,
				F03BEC69A8C363FA587B5613 /* Pods_flix_flixUITests.framework */,
				62C22779D13DE388FD8622CE /* Pods_flixTests.framework */,
			);
			name = Frameworks;
			sourceTree = "<group>";
		};
		83E14B070E97656C12E72B82 /* Pods */ = {
			isa = PBXGroup;
			children = (
				6B30D5E3B80847D78066A6CA /* Pods-flix.debug.xcconfig */,
				40C161C2FCD9E091C16C1217 /* Pods-flix.release.xcconfig */,
				9B4F668DA60F9035936241D5 /* Pods-flix-flixUITests.debug.xcconfig */,
				0B6B2AE1AB7EEFCBA54D00C3 /* Pods-flix-flixUITests.release.xcconfig */,
				739D89EB6578CE0AC20A2C25 /* Pods-flixTests.debug.xcconfig */,
				6DBB74570E6534C67778FF9E /* Pods-flixTests.release.xcconfig */,
			);
			name = Pods;
			path = Pods;
			sourceTree = "<group>";
		};
		C6D039C128CC49B9003593F1 = {
			isa = PBXGroup;
			children = (
				C6D039CC28CC49BA003593F1 /* flix */,
				C6D039E328CC49C2003593F1 /* flixTests */,
				C6D039ED28CC49C2003593F1 /* flixUITests */,
				C6D039CB28CC49BA003593F1 /* Products */,
				83E14B070E97656C12E72B82 /* Pods */,
				55016A09936A313D34021981 /* Frameworks */,
			);
			sourceTree = "<group>";
		};
		C6D039CB28CC49BA003593F1 /* Products */ = {
			isa = PBXGroup;
			children = (
				C6D039CA28CC49BA003593F1 /* flix.app */,
				C6D039E028CC49C2003593F1 /* flixTests.xctest */,
				C6D039EA28CC49C2003593F1 /* flixUITests.xctest */,
			);
			name = Products;
			sourceTree = "<group>";
		};
		C6D039CC28CC49BA003593F1 /* flix */ = {
			isa = PBXGroup;
			children = (
				C6D039CD28CC49BA003593F1 /* AppDelegate.swift */,
				C6D039CF28CC49BA003593F1 /* SceneDelegate.swift */,
				C6D039D128CC49BA003593F1 /* ViewController.swift */,
				C6D039D328CC49BA003593F1 /* Main.storyboard */,
				C6D039FF28CE50F5003593F1 /* MovieCell.swift */,
				C6D039D628CC49C1003593F1 /* Assets.xcassets */,
				C6D039D828CC49C1003593F1 /* LaunchScreen.storyboard */,
				C6D039FD28CC4B64003593F1 /* MoviesViewController.swift */,
				C6D039DB28CC49C1003593F1 /* Info.plist */,
			);
			path = flix;
			sourceTree = "<group>";
		};
		C6D039E328CC49C2003593F1 /* flixTests */ = {
			isa = PBXGroup;
			children = (
				C6D039E428CC49C2003593F1 /* flixTests.swift */,
			);
			path = flixTests;
			sourceTree = "<group>";
		};
		C6D039ED28CC49C2003593F1 /* flixUITests */ = {
			isa = PBXGroup;
			children = (
				C6D039EE28CC49C2003593F1 /* flixUITests.swift */,
				C6D039F028CC49C2003593F1 /* flixUITestsLaunchTests.swift */,
			);
			path = flixUITests;
			sourceTree = "<group>";
		};
/* End PBXGroup section */

/* Begin PBXNativeTarget section */
		C6D039C928CC49B9003593F1 /* flix */ = {
			isa = PBXNativeTarget;
			buildConfigurationList = C6D039F428CC49C2003593F1 /* Build configuration list for PBXNativeTarget "flix" */;
			buildPhases = (
				AD615B31F883FAFC95E23EA8 /* [CP] Check Pods Manifest.lock */,
				C6D039C628CC49B9003593F1 /* Sources */,
				C6D039C728CC49B9003593F1 /* Frameworks */,
				C6D039C828CC49B9003593F1 /* Resources */,
				881E0B6CCAE7F741F79CC541 /* [CP] Embed Pods Frameworks */,
			);
			buildRules = (
			);
			dependencies = (
			);
			name = flix;
			packageProductDependencies = (
				C6D03A0228CE59DD003593F1 /* AlamofireImage */,
			);
			productName = flix;
			productReference = C6D039CA28CC49BA003593F1 /* flix.app */;
			productType = "com.apple.product-type.application";
		};
		C6D039DF28CC49C2003593F1 /* flixTests */ = {
			isa = PBXNativeTarget;
			buildConfigurationList = C6D039F728CC49C2003593F1 /* Build configuration list for PBXNativeTarget "flixTests" */;
			buildPhases = (
				B7D62258BD9FF367C96D32E4 /* [CP] Check Pods Manifest.lock */,
				C6D039DC28CC49C2003593F1 /* Sources */,
				C6D039DD28CC49C2003593F1 /* Frameworks */,
				C6D039DE28CC49C2003593F1 /* Resources */,
			);
			buildRules = (
			);
			dependencies = (
				C6D039E228CC49C2003593F1 /* PBXTargetDependency */,
			);
			name = flixTests;
			productName = flixTests;
			productReference = C6D039E028CC49C2003593F1 /* flixTests.xctest */;
			productType = "com.apple.product-type.bundle.unit-test";
		};
		C6D039E928CC49C2003593F1 /* flixUITests */ = {
			isa = PBXNativeTarget;
			buildConfigurationList = C6D039FA28CC49C2003593F1 /* Build configuration list for PBXNativeTarget "flixUITests" */;
			buildPhases = (
				70FABFBBAF8AECC5300B78A8 /* [CP] Check Pods Manifest.lock */,
				C6D039E628CC49C2003593F1 /* Sources */,
				C6D039E728CC49C2003593F1 /* Frameworks */,
				C6D039E828CC49C2003593F1 /* Resources */,
				61A53634E783388980FB2A95 /* [CP] Embed Pods Frameworks */,
			);
			buildRules = (
			);
			dependencies = (
				C6D039EC28CC49C2003593F1 /* PBXTargetDependency */,
			);
			name = flixUITests;
			productName = flixUITests;
			productReference = C6D039EA28CC49C2003593F1 /* flixUITests.xctest */;
			productType = "com.apple.product-type.bundle.ui-testing";
		};
/* End PBXNativeTarget section */

/* Begin PBXProject section */
		C6D039C228CC49B9003593F1 /* Project object */ = {
			isa = PBXProject;
			attributes = {
				BuildIndependentTargetsInParallel = 1;
				LastSwiftUpdateCheck = 1340;
				LastUpgradeCheck = 1340;
				TargetAttributes = {
					C6D039C928CC49B9003593F1 = {
						CreatedOnToolsVersion = 13.4.1;
					};
					C6D039DF28CC49C2003593F1 = {
						CreatedOnToolsVersion = 13.4.1;
						TestTargetID = C6D039C928CC49B9003593F1;
					};
					C6D039E928CC49C2003593F1 = {
						CreatedOnToolsVersion = 13.4.1;
						TestTargetID = C6D039C928CC49B9003593F1;
					};
				};
			};
			buildConfigurationList = C6D039C528CC49B9003593F1 /* Build configuration list for PBXProject "flix" */;
			compatibilityVersion = "Xcode 13.0";
			developmentRegion = en;
			hasScannedForEncodings = 0;
			knownRegions = (
				en,
				Base,
			);
			mainGroup = C6D039C128CC49B9003593F1;
			packageReferences = (
				C6D03A0128CE59DD003593F1 /* XCRemoteSwiftPackageReference "AlamofireImage" */,
			);
			productRefGroup = C6D039CB28CC49BA003593F1 /* Products */;
			projectDirPath = "";
			projectRoot = "";
			targets = (
				C6D039C928CC49B9003593F1 /* flix */,
				C6D039DF28CC49C2003593F1 /* flixTests */,
				C6D039E928CC49C2003593F1 /* flixUITests */,
			);
		};
/* End PBXProject section */

/* Begin PBXResourcesBuildPhase section */
		C6D039C828CC49B9003593F1 /* Resources */ = {
			isa = PBXResourcesBuildPhase;
			buildActionMask = 2147483647;
			files = (
				C6D039DA28CC49C1003593F1 /* LaunchScreen.storyboard in Resources */,
				C6D039D728CC49C1003593F1 /* Assets.xcassets in Resources */,
				C6D039D528CC49BA003593F1 /* Main.storyboard in Resources */,
			);
			runOnlyForDeploymentPostprocessing = 0;
		};
		C6D039DE28CC49C2003593F1 /* Resources */ = {
			isa = PBXResourcesBuildPhase;
			buildActionMask = 2147483647;
			files = (
			);
			runOnlyForDeploymentPostprocessing = 0;
		};
		C6D039E828CC49C2003593F1 /* Resources */ = {
			isa = PBXResourcesBuildPhase;
			buildActionMask = 2147483647;
			files = (
			);
			runOnlyForDeploymentPostprocessing = 0;
		};
/* End PBXResourcesBuildPhase section */

/* Begin PBXShellScriptBuildPhase section */
		61A53634E783388980FB2A95 /* [CP] Embed Pods Frameworks */ = {
			isa = PBXShellScriptBuildPhase;
			buildActionMask = 2147483647;
			files = (
			);
			inputFileListPaths = (
				"${PODS_ROOT}/Target Support Files/Pods-flix-flixUITests/Pods-flix-flixUITests-frameworks-${CONFIGURATION}-input-files.xcfilelist",
			);
			name = "[CP] Embed Pods Frameworks";
			outputFileListPaths = (
				"${PODS_ROOT}/Target Support Files/Pods-flix-flixUITests/Pods-flix-flixUITests-frameworks-${CONFIGURATION}-output-files.xcfilelist",
			);
			runOnlyForDeploymentPostprocessing = 0;
			shellPath = /bin/sh;
			shellScript = "\"${PODS_ROOT}/Target Support Files/Pods-flix-flixUITests/Pods-flix-flixUITests-frameworks.sh\"\n";
			showEnvVarsInLog = 0;
		};
		70FABFBBAF8AECC5300B78A8 /* [CP] Check Pods Manifest.lock */ = {
			isa = PBXShellScriptBuildPhase;
			buildActionMask = 2147483647;
			files = (
			);
			inputFileListPaths = (
			);
			inputPaths = (
				"${PODS_PODFILE_DIR_PATH}/Podfile.lock",
				"${PODS_ROOT}/Manifest.lock",
			);
			name = "[CP] Check Pods Manifest.lock";
			outputFileListPaths = (
			);
			outputPaths = (
				"$(DERIVED_FILE_DIR)/Pods-flix-flixUITests-checkManifestLockResult.txt",
			);
			runOnlyForDeploymentPostprocessing = 0;
			shellPath = /bin/sh;
			shellScript = "diff \"${PODS_PODFILE_DIR_PATH}/Podfile.lock\" \"${PODS_ROOT}/Manifest.lock\" > /dev/null\nif [ $? != 0 ] ; then\n    # print error to STDERR\n    echo \"error: The sandbox is not in sync with the Podfile.lock. Run 'pod install' or update your CocoaPods installation.\" >&2\n    exit 1\nfi\n# This output is used by Xcode 'outputs' to avoid re-running this script phase.\necho \"SUCCESS\" > \"${SCRIPT_OUTPUT_FILE_0}\"\n";
			showEnvVarsInLog = 0;
		};
		881E0B6CCAE7F741F79CC541 /* [CP] Embed Pods Frameworks */ = {
			isa = PBXShellScriptBuildPhase;
			buildActionMask = 2147483647;
			files = (
			);
			inputFileListPaths = (
				"${PODS_ROOT}/Target Support Files/Pods-flix/Pods-flix-frameworks-${CONFIGURATION}-input-files.xcfilelist",
			);
			name = "[CP] Embed Pods Frameworks";
			outputFileListPaths = (
				"${PODS_ROOT}/Target Support Files/Pods-flix/Pods-flix-frameworks-${CONFIGURATION}-output-files.xcfilelist",
			);
			runOnlyForDeploymentPostprocessing = 0;
			shellPath = /bin/sh;
			shellScript = "\"${PODS_ROOT}/Target Support Files/Pods-flix/Pods-flix-frameworks.sh\"\n";
			showEnvVarsInLog = 0;
		};
		AD615B31F883FAFC95E23EA8 /* [CP] Check Pods Manifest.lock */ = {
			isa = PBXShellScriptBuildPhase;
			buildActionMask = 2147483647;
			files = (
			);
			inputFileListPaths = (
			);
			inputPaths = (
				"${PODS_PODFILE_DIR_PATH}/Podfile.lock",
				"${PODS_ROOT}/Manifest.lock",
			);
			name = "[CP] Check Pods Manifest.lock";
			outputFileListPaths = (
			);
			outputPaths = (
				"$(DERIVED_FILE_DIR)/Pods-flix-checkManifestLockResult.txt",
			);
			runOnlyForDeploymentPostprocessing = 0;
			shellPath = /bin/sh;
			shellScript = "diff \"${PODS_PODFILE_DIR_PATH}/Podfile.lock\" \"${PODS_ROOT}/Manifest.lock\" > /dev/null\nif [ $? != 0 ] ; then\n    # print error to STDERR\n    echo \"error: The sandbox is not in sync with the Podfile.lock. Run 'pod install' or update your CocoaPods installation.\" >&2\n    exit 1\nfi\n# This output is used by Xcode 'outputs' to avoid re-running this script phase.\necho \"SUCCESS\" > \"${SCRIPT_OUTPUT_FILE_0}\"\n";
			showEnvVarsInLog = 0;
		};
		B7D62258BD9FF367C96D32E4 /* [CP] Check Pods Manifest.lock */ = {
			isa = PBXShellScriptBuildPhase;
			buildActionMask = 2147483647;
			files = (
			);
			inputFileListPaths = (
			);
			inputPaths = (
				"${PODS_PODFILE_DIR_PATH}/Podfile.lock",
				"${PODS_ROOT}/Manifest.lock",
			);
			name = "[CP] Check Pods Manifest.lock";
			outputFileListPaths = (
			);
			outputPaths = (
				"$(DERIVED_FILE_DIR)/Pods-flixTests-checkManifestLockResult.txt",
			);
			runOnlyForDeploymentPostprocessing = 0;
			shellPath = /bin/sh;
			shellScript = "diff \"${PODS_PODFILE_DIR_PATH}/Podfile.lock\" \"${PODS_ROOT}/Manifest.lock\" > /dev/null\nif [ $? != 0 ] ; then\n    # print error to STDERR\n    echo \"error: The sandbox is not in sync with the Podfile.lock. Run 'pod install' or update your CocoaPods installation.\" >&2\n    exit 1\nfi\n# This output is used by Xcode 'outputs' to avoid re-running this script phase.\necho \"SUCCESS\" > \"${SCRIPT_OUTPUT_FILE_0}\"\n";
			showEnvVarsInLog = 0;
		};
/* End PBXShellScriptBuildPhase section */

/* Begin PBXSourcesBuildPhase section */
		C6D039C628CC49B9003593F1 /* Sources */ = {
			isa = PBXSourcesBuildPhase;
			buildActionMask = 2147483647;
			files = (
				C6D039D228CC49BA003593F1 /* ViewController.swift in Sources */,
				C6D039CE28CC49BA003593F1 /* AppDelegate.swift in Sources */,
				C6D039D028CC49BA003593F1 /* SceneDelegate.swift in Sources */,
				C6D03A0028CE50F5003593F1 /* MovieCell.swift in Sources */,
				C6D039FE28CC4B64003593F1 /* MoviesViewController.swift in Sources */,
			);
			runOnlyForDeploymentPostprocessing = 0;
		};
		C6D039DC28CC49C2003593F1 /* Sources */ = {
			isa = PBXSourcesBuildPhase;
			buildActionMask = 2147483647;
			files = (
				C6D039E528CC49C2003593F1 /* flixTests.swift in Sources */,
			);
			runOnlyForDeploymentPostprocessing = 0;
		};
		C6D039E628CC49C2003593F1 /* Sources */ = {
			isa = PBXSourcesBuildPhase;
			buildActionMask = 2147483647;
			files = (
				C6D039EF28CC49C2003593F1 /* flixUITests.swift in Sources */,
				C6D039F128CC49C2003593F1 /* flixUITestsLaunchTests.swift in Sources */,
			);
			runOnlyForDeploymentPostprocessing = 0;
		};
/* End PBXSourcesBuildPhase section */

/* Begin PBXTargetDependency section */
		C6D039E228CC49C2003593F1 /* PBXTargetDependency */ = {
			isa = PBXTargetDependency;
			target = C6D039C928CC49B9003593F1 /* flix */;
			targetProxy = C6D039E128CC49C2003593F1 /* PBXContainerItemProxy */;
		};
		C6D039EC28CC49C2003593F1 /* PBXTargetDependency */ = {
			isa = PBXTargetDependency;
			target = C6D039C928CC49B9003593F1 /* flix */;
			targetProxy = C6D039EB28CC49C2003593F1 /* PBXContainerItemProxy */;
		};
/* End PBXTargetDependency section */

/* Begin PBXVariantGroup section */
		C6D039D328CC49BA003593F1 /* Main.storyboard */ = {
			isa = PBXVariantGroup;
			children = (
				C6D039D428CC49BA003593F1 /* Base */,
			);
			name = Main.storyboard;
			sourceTree = "<group>";
		};
		C6D039D828CC49C1003593F1 /* LaunchScreen.storyboard */ = {
			isa = PBXVariantGroup;
			children = (
				C6D039D928CC49C1003593F1 /* Base */,
			);
			name = LaunchScreen.storyboard;
			sourceTree = "<group>";
		};
/* End PBXVariantGroup section */

/* Begin XCBuildConfiguration section */
		C6D039F228CC49C2003593F1 /* Debug */ = {
			isa = XCBuildConfiguration;
			buildSettings = {
				ALWAYS_SEARCH_USER_PATHS = NO;
				CLANG_ANALYZER_NONNULL = YES;
				CLANG_ANALYZER_NUMBER_OBJECT_CONVERSION = YES_AGGRESSIVE;
				CLANG_CXX_LANGUAGE_STANDARD = "gnu++17";
				CLANG_ENABLE_MODULES = YES;
				CLANG_ENABLE_OBJC_ARC = YES;
				CLANG_ENABLE_OBJC_WEAK = YES;
				CLANG_WARN_BLOCK_CAPTURE_AUTORELEASING = YES;
				CLANG_WARN_BOOL_CONVERSION = YES;
				CLANG_WARN_COMMA = YES;
				CLANG_WARN_CONSTANT_CONVERSION = YES;
				CLANG_WARN_DEPRECATED_OBJC_IMPLEMENTATIONS = YES;
				CLANG_WARN_DIRECT_OBJC_ISA_USAGE = YES_ERROR;
				CLANG_WARN_DOCUMENTATION_COMMENTS = YES;
				CLANG_WARN_EMPTY_BODY = YES;
				CLANG_WARN_ENUM_CONVERSION = YES;
				CLANG_WARN_INFINITE_RECURSION = YES;
				CLANG_WARN_INT_CONVERSION = YES;
				CLANG_WARN_NON_LITERAL_NULL_CONVERSION = YES;
				CLANG_WARN_OBJC_IMPLICIT_RETAIN_SELF = YES;
				CLANG_WARN_OBJC_LITERAL_CONVERSION = YES;
				CLANG_WARN_OBJC_ROOT_CLASS = YES_ERROR;
				CLANG_WARN_QUOTED_INCLUDE_IN_FRAMEWORK_HEADER = YES;
				CLANG_WARN_RANGE_LOOP_ANALYSIS = YES;
				CLANG_WARN_STRICT_PROTOTYPES = YES;
				CLANG_WARN_SUSPICIOUS_MOVE = YES;
				CLANG_WARN_UNGUARDED_AVAILABILITY = YES_AGGRESSIVE;
				CLANG_WARN_UNREACHABLE_CODE = YES;
				CLANG_WARN__DUPLICATE_METHOD_MATCH = YES;
				COPY_PHASE_STRIP = NO;
				DEBUG_INFORMATION_FORMAT = dwarf;
				ENABLE_STRICT_OBJC_MSGSEND = YES;
				ENABLE_TESTABILITY = YES;
				GCC_C_LANGUAGE_STANDARD = gnu11;
				GCC_DYNAMIC_NO_PIC = NO;
				GCC_NO_COMMON_BLOCKS = YES;
				GCC_OPTIMIZATION_LEVEL = 0;
				GCC_PREPROCESSOR_DEFINITIONS = (
					"DEBUG=1",
					"$(inherited)",
				);
				GCC_WARN_64_TO_32_BIT_CONVERSION = YES;
				GCC_WARN_ABOUT_RETURN_TYPE = YES_ERROR;
				GCC_WARN_UNDECLARED_SELECTOR = YES;
				GCC_WARN_UNINITIALIZED_AUTOS = YES_AGGRESSIVE;
				GCC_WARN_UNUSED_FUNCTION = YES;
				GCC_WARN_UNUSED_VARIABLE = YES;
				IPHONEOS_DEPLOYMENT_TARGET = 15.5;
				MTL_ENABLE_DEBUG_INFO = INCLUDE_SOURCE;
				MTL_FAST_MATH = YES;
				ONLY_ACTIVE_ARCH = YES;
				SDKROOT = iphoneos;
				SWIFT_ACTIVE_COMPILATION_CONDITIONS = DEBUG;
				SWIFT_OPTIMIZATION_LEVEL = "-Onone";
			};
			name = Debug;
		};
		C6D039F328CC49C2003593F1 /* Release */ = {
			isa = XCBuildConfiguration;
			buildSettings = {
				ALWAYS_SEARCH_USER_PATHS = NO;
				CLANG_ANALYZER_NONNULL = YES;
				CLANG_ANALYZER_NUMBER_OBJECT_CONVERSION = YES_AGGRESSIVE;
				CLANG_CXX_LANGUAGE_STANDARD = "gnu++17";
				CLANG_ENABLE_MODULES = YES;
				CLANG_ENABLE_OBJC_ARC = YES;
				CLANG_ENABLE_OBJC_WEAK = YES;
				CLANG_WARN_BLOCK_CAPTURE_AUTORELEASING = YES;
				CLANG_WARN_BOOL_CONVERSION = YES;
				CLANG_WARN_COMMA = YES;
				CLANG_WARN_CONSTANT_CONVERSION = YES;
				CLANG_WARN_DEPRECATED_OBJC_IMPLEMENTATIONS = YES;
				CLANG_WARN_DIRECT_OBJC_ISA_USAGE = YES_ERROR;
				CLANG_WARN_DOCUMENTATION_COMMENTS = YES;
				CLANG_WARN_EMPTY_BODY = YES;
				CLANG_WARN_ENUM_CONVERSION = YES;
				CLANG_WARN_INFINITE_RECURSION = YES;
				CLANG_WARN_INT_CONVERSION = YES;
				CLANG_WARN_NON_LITERAL_NULL_CONVERSION = YES;
				CLANG_WARN_OBJC_IMPLICIT_RETAIN_SELF = YES;
				CLANG_WARN_OBJC_LITERAL_CONVERSION = YES;
				CLANG_WARN_OBJC_ROOT_CLASS = YES_ERROR;
				CLANG_WARN_QUOTED_INCLUDE_IN_FRAMEWORK_HEADER = YES;
				CLANG_WARN_RANGE_LOOP_ANALYSIS = YES;
				CLANG_WARN_STRICT_PROTOTYPES = YES;
				CLANG_WARN_SUSPICIOUS_MOVE = YES;
				CLANG_WARN_UNGUARDED_AVAILABILITY = YES_AGGRESSIVE;
				CLANG_WARN_UNREACHABLE_CODE = YES;
				CLANG_WARN__DUPLICATE_METHOD_MATCH = YES;
				COPY_PHASE_STRIP = NO;
				DEBUG_INFORMATION_FORMAT = "dwarf-with-dsym";
				ENABLE_NS_ASSERTIONS = NO;
				ENABLE_STRICT_OBJC_MSGSEND = YES;
				GCC_C_LANGUAGE_STANDARD = gnu11;
				GCC_NO_COMMON_BLOCKS = YES;
				GCC_WARN_64_TO_32_BIT_CONVERSION = YES;
				GCC_WARN_ABOUT_RETURN_TYPE = YES_ERROR;
				GCC_WARN_UNDECLARED_SELECTOR = YES;
				GCC_WARN_UNINITIALIZED_AUTOS = YES_AGGRESSIVE;
				GCC_WARN_UNUSED_FUNCTION = YES;
				GCC_WARN_UNUSED_VARIABLE = YES;
				IPHONEOS_DEPLOYMENT_TARGET = 15.5;
				MTL_ENABLE_DEBUG_INFO = NO;
				MTL_FAST_MATH = YES;
				SDKROOT = iphoneos;
				SWIFT_COMPILATION_MODE = wholemodule;
				SWIFT_OPTIMIZATION_LEVEL = "-O";
				VALIDATE_PRODUCT = YES;
			};
			name = Release;
		};
		C6D039F528CC49C2003593F1 /* Debug */ = {
			isa = XCBuildConfiguration;
			baseConfigurationReference = 6B30D5E3B80847D78066A6CA /* Pods-flix.debug.xcconfig */;
			buildSettings = {
				ASSETCATALOG_COMPILER_APPICON_NAME = AppIcon;
				ASSETCATALOG_COMPILER_GLOBAL_ACCENT_COLOR_NAME = AccentColor;
				CODE_SIGN_STYLE = Automatic;
				CURRENT_PROJECT_VERSION = 1;
				DEVELOPMENT_TEAM = 9YQV3PLUY6;
				GENERATE_INFOPLIST_FILE = YES;
				INFOPLIST_FILE = flix/Info.plist;
				INFOPLIST_KEY_UIApplicationSupportsIndirectInputEvents = YES;
				INFOPLIST_KEY_UILaunchStoryboardName = LaunchScreen;
				INFOPLIST_KEY_UIMainStoryboardFile = Main;
				INFOPLIST_KEY_UISupportedInterfaceOrientations = "UIInterfaceOrientationPortrait UIInterfaceOrientationLandscapeLeft UIInterfaceOrientationLandscapeRight";
				INFOPLIST_KEY_UISupportedInterfaceOrientations_iPad = "UIInterfaceOrientationPortrait UIInterfaceOrientationPortraitUpsideDown UIInterfaceOrientationLandscapeLeft UIInterfaceOrientationLandscapeRight";
				INFOPLIST_KEY_UISupportedInterfaceOrientations_iPhone = "UIInterfaceOrientationPortrait UIInterfaceOrientationLandscapeLeft UIInterfaceOrientationLandscapeRight";
				LD_RUNPATH_SEARCH_PATHS = (
					"$(inherited)",
					"@executable_path/Frameworks",
				);
				MARKETING_VERSION = 1.0;
				PRODUCT_BUNDLE_IDENTIFIER = com.efrenr.flix;
				PRODUCT_NAME = "$(TARGET_NAME)";
				SWIFT_EMIT_LOC_STRINGS = YES;
				SWIFT_VERSION = 5.0;
				TARGETED_DEVICE_FAMILY = "1,2";
			};
			name = Debug;
		};
		C6D039F628CC49C2003593F1 /* Release */ = {
			isa = XCBuildConfiguration;
			baseConfigurationReference = 40C161C2FCD9E091C16C1217 /* Pods-flix.release.xcconfig */;
			buildSettings = {
				ASSETCATALOG_COMPILER_APPICON_NAME = AppIcon;
				ASSETCATALOG_COMPILER_GLOBAL_ACCENT_COLOR_NAME = AccentColor;
				CODE_SIGN_STYLE = Automatic;
				CURRENT_PROJECT_VERSION = 1;
				DEVELOPMENT_TEAM = 9YQV3PLUY6;
				GENERATE_INFOPLIST_FILE = YES;
				INFOPLIST_FILE = flix/Info.plist;
				INFOPLIST_KEY_UIApplicationSupportsIndirectInputEvents = YES;
				INFOPLIST_KEY_UILaunchStoryboardName = LaunchScreen;
				INFOPLIST_KEY_UIMainStoryboardFile = Main;
				INFOPLIST_KEY_UISupportedInterfaceOrientations = "UIInterfaceOrientationPortrait UIInterfaceOrientationLandscapeLeft UIInterfaceOrientationLandscapeRight";
				INFOPLIST_KEY_UISupportedInterfaceOrientations_iPad = "UIInterfaceOrientationPortrait UIInterfaceOrientationPortraitUpsideDown UIInterfaceOrientationLandscapeLeft UIInterfaceOrientationLandscapeRight";
				INFOPLIST_KEY_UISupportedInterfaceOrientations_iPhone = "UIInterfaceOrientationPortrait UIInterfaceOrientationLandscapeLeft UIInterfaceOrientationLandscapeRight";
				LD_RUNPATH_SEARCH_PATHS = (
					"$(inherited)",
					"@executable_path/Frameworks",
				);
				MARKETING_VERSION = 1.0;
				PRODUCT_BUNDLE_IDENTIFIER = com.efrenr.flix;
				PRODUCT_NAME = "$(TARGET_NAME)";
				SWIFT_EMIT_LOC_STRINGS = YES;
				SWIFT_VERSION = 5.0;
				TARGETED_DEVICE_FAMILY = "1,2";
			};
			name = Release;
		};
		C6D039F828CC49C2003593F1 /* Debug */ = {
			isa = XCBuildConfiguration;
			baseConfigurationReference = 739D89EB6578CE0AC20A2C25 /* Pods-flixTests.debug.xcconfig */;
			buildSettings = {
				ALWAYS_EMBED_SWIFT_STANDARD_LIBRARIES = YES;
				BUNDLE_LOADER = "$(TEST_HOST)";
				CODE_SIGN_STYLE = Automatic;
				CURRENT_PROJECT_VERSION = 1;
				DEVELOPMENT_TEAM = 9YQV3PLUY6;
				GENERATE_INFOPLIST_FILE = YES;
				IPHONEOS_DEPLOYMENT_TARGET = 15.5;
				MARKETING_VERSION = 1.0;
				PRODUCT_BUNDLE_IDENTIFIER = com.efrenr.flixTests;
				PRODUCT_NAME = "$(TARGET_NAME)";
				SWIFT_EMIT_LOC_STRINGS = NO;
				SWIFT_VERSION = 5.0;
				TARGETED_DEVICE_FAMILY = "1,2";
				TEST_HOST = "$(BUILT_PRODUCTS_DIR)/flix.app/flix";
			};
			name = Debug;
		};
		C6D039F928CC49C2003593F1 /* Release */ = {
			isa = XCBuildConfiguration;
			baseConfigurationReference = 6DBB74570E6534C67778FF9E /* Pods-flixTests.release.xcconfig */;
			buildSettings = {
				ALWAYS_EMBED_SWIFT_STANDARD_LIBRARIES = YES;
				BUNDLE_LOADER = "$(TEST_HOST)";
				CODE_SIGN_STYLE = Automatic;
				CURRENT_PROJECT_VERSION = 1;
				DEVELOPMENT_TEAM = 9YQV3PLUY6;
				GENERATE_INFOPLIST_FILE = YES;
				IPHONEOS_DEPLOYMENT_TARGET = 15.5;
				MARKETING_VERSION = 1.0;
				PRODUCT_BUNDLE_IDENTIFIER = com.efrenr.flixTests;
				PRODUCT_NAME = "$(TARGET_NAME)";
				SWIFT_EMIT_LOC_STRINGS = NO;
				SWIFT_VERSION = 5.0;
				TARGETED_DEVICE_FAMILY = "1,2";
				TEST_HOST = "$(BUILT_PRODUCTS_DIR)/flix.app/flix";
			};
			name = Release;
		};
		C6D039FB28CC49C2003593F1 /* Debug */ = {
			isa = XCBuildConfiguration;
			baseConfigurationReference = 9B4F668DA60F9035936241D5 /* Pods-flix-flixUITests.debug.xcconfig */;
			buildSettings = {
				ALWAYS_EMBED_SWIFT_STANDARD_LIBRARIES = YES;
				CODE_SIGN_STYLE = Automatic;
				CURRENT_PROJECT_VERSION = 1;
				DEVELOPMENT_TEAM = 9YQV3PLUY6;
				GENERATE_INFOPLIST_FILE = YES;
				MARKETING_VERSION = 1.0;
				PRODUCT_BUNDLE_IDENTIFIER = com.efrenr.flixUITests;
				PRODUCT_NAME = "$(TARGET_NAME)";
				SWIFT_EMIT_LOC_STRINGS = NO;
				SWIFT_VERSION = 5.0;
				TARGETED_DEVICE_FAMILY = "1,2";
				TEST_TARGET_NAME = flix;
			};
			name = Debug;
		};
		C6D039FC28CC49C2003593F1 /* Release */ = {
			isa = XCBuildConfiguration;
			baseConfigurationReference = 0B6B2AE1AB7EEFCBA54D00C3 /* Pods-flix-flixUITests.release.xcconfig */;
			buildSettings = {
				ALWAYS_EMBED_SWIFT_STANDARD_LIBRARIES = YES;
				CODE_SIGN_STYLE = Automatic;
				CURRENT_PROJECT_VERSION = 1;
				DEVELOPMENT_TEAM = 9YQV3PLUY6;
				GENERATE_INFOPLIST_FILE = YES;
				MARKETING_VERSION = 1.0;
				PRODUCT_BUNDLE_IDENTIFIER = com.efrenr.flixUITests;
				PRODUCT_NAME = "$(TARGET_NAME)";
				SWIFT_EMIT_LOC_STRINGS = NO;
				SWIFT_VERSION = 5.0;
				TARGETED_DEVICE_FAMILY = "1,2";
				TEST_TARGET_NAME = flix;
			};
			name = Release;
		};
/* End XCBuildConfiguration section */

/* Begin XCConfigurationList section */
		C6D039C528CC49B9003593F1 /* Build configuration list for PBXProject "flix" */ = {
			isa = XCConfigurationList;
			buildConfigurations = (
				C6D039F228CC49C2003593F1 /* Debug */,
				C6D039F328CC49C2003593F1 /* Release */,
			);
			defaultConfigurationIsVisible = 0;
			defaultConfigurationName = Release;
		};
		C6D039F428CC49C2003593F1 /* Build configuration list for PBXNativeTarget "flix" */ = {
			isa = XCConfigurationList;
			buildConfigurations = (
				C6D039F528CC49C2003593F1 /* Debug */,
				C6D039F628CC49C2003593F1 /* Release */,
			);
			defaultConfigurationIsVisible = 0;
			defaultConfigurationName = Release;
		};
		C6D039F728CC49C2003593F1 /* Build configuration list for PBXNativeTarget "flixTests" */ = {
			isa = XCConfigurationList;
			buildConfigurations = (
				C6D039F828CC49C2003593F1 /* Debug */,
				C6D039F928CC49C2003593F1 /* Release */,
			);
			defaultConfigurationIsVisible = 0;
			defaultConfigurationName = Release;
		};
		C6D039FA28CC49C2003593F1 /* Build configuration list for PBXNativeTarget "flixUITests" */ = {
			isa = XCConfigurationList;
			buildConfigurations = (
				C6D039FB28CC49C2003593F1 /* Debug */,
				C6D039FC28CC49C2003593F1 /* Release */,
			);
			defaultConfigurationIsVisible = 0;
			defaultConfigurationName = Release;
		};
/* End XCConfigurationList section */

/* Begin XCRemoteSwiftPackageReference section */
		C6D03A0128CE59DD003593F1 /* XCRemoteSwiftPackageReference "AlamofireImage" */ = {
			isa = XCRemoteSwiftPackageReference;
			repositoryURL = "https://github.com/Alamofire/AlamofireImage";
			requirement = {
				kind = upToNextMajorVersion;
				minimumVersion = 4.0.0;
			};
		};
/* End XCRemoteSwiftPackageReference section */

/* Begin XCSwiftPackageProductDependency section */
		C6D03A0228CE59DD003593F1 /* AlamofireImage */ = {
			isa = XCSwiftPackageProductDependency;
			package = C6D03A0128CE59DD003593F1 /* XCRemoteSwiftPackageReference "AlamofireImage" */;
			productName = AlamofireImage;
		};
/* End XCSwiftPackageProductDependency section */
	};
	rootObject = C6D039C228CC49B9003593F1 /* Project object */;
}
